
Microsoft Visual Studio Solution File, Format Version 12.00
# Visual Studio 15
VisualStudioVersion = 15.0.27703.2018
MinimumVisualStudioVersion = 10.0.40219.1
Project("{F184B08F-C81C-45F6-A57F-5ABD9991F28F}") = "TeachMyselfVBnet", "WindowsApp1\TeachMyselfVBnet.vbproj", "{450E30E0-FCC0-44B1-817B-C45C4EAB1B1D}"
EndProject
Global
	GlobalSection(SolutionConfigurationPlatforms) = preSolution
		Debug|Any CPU = Debug|Any CPU
		Release|Any CPU = Release|Any CPU
	EndGlobalSection
	GlobalSection(ProjectConfigurationPlatforms) = postSolution
		{450E30E0-FCC0-44B1-817B-C45C4EAB1B1D}.Debug|Any CPU.ActiveCfg = Debug|Any CPU
		{450E30E0-FCC0-44B1-817B-C45C4EAB1B1D}.Debug|Any CPU.Build.0 = Debug|Any CPU
		{450E30E0-FCC0-44B1-817B-C45C4EAB1B1D}.Release|Any CPU.ActiveCfg = Release|Any CPU
		{450E30E0-FCC0-44B1-817B-C45C4EAB1B1D}.Release|Any CPU.Build.0 = Release|Any CPU
	EndGlobalSection
	GlobalSection(SolutionProperties) = preSolution
		HideSolutionNode = FALSE
	EndGlobalSection
	GlobalSection(ExtensibilityGlobals) = postSolution
		SolutionGuid = {93337E15-93B1-443D-B8DC-143CE0B8F6B9}
	EndGlobalSection
EndGlobal
